
Microsoft Visual Studio Solution File, Format Version 12.00
# Visual Studio 15
VisualStudioVersion = 15.0.27703.2026
MinimumVisualStudioVersion = 10.0.40219.1
Project("{FAE04EC0-301F-11D3-BF4B-00C04F79EFBC}") = "Calculator", "Calculator\Calculator.csproj", "{D791341D-0EEA-41C7-A901-3E1BDCD21916}"
EndProject
Project("{FAE04EC0-301F-11D3-BF4B-00C04F79EFBC}") = "TestAddMethod", "TestAddMethod\TestAddMethod.csproj", "{F3B3D325-61A6-4F2A-B5F4-A3008F63C787}"
EndProject
Global
	GlobalSection(SolutionConfigurationPlatforms) = preSolution
		Debug|Any CPU = Debug|Any CPU
		Release|Any CPU = Release|Any CPU
	EndGlobalSection
	GlobalSection(ProjectConfigurationPlatforms) = postSolution
		{D791341D-0EEA-41C7-A901-3E1BDCD21916}.Debug|Any CPU.ActiveCfg = Debug|Any CPU
		{D791341D-0EEA-41C7-A901-3E1BDCD21916}.Debug|Any CPU.Build.0 = Debug|Any CPU
		{D791341D-0EEA-41C7-A901-3E1BDCD21916}.Release|Any CPU.ActiveCfg = Release|Any CPU
		{D791341D-0EEA-41C7-A901-3E1BDCD21916}.Release|Any CPU.Build.0 = Release|Any CPU
		{F3B3D325-61A6-4F2A-B5F4-A3008F63C787}.Debug|Any CPU.ActiveCfg = Debug|Any CPU
		{F3B3D325-61A6-4F2A-B5F4-A3008F63C787}.Debug|Any CPU.Build.0 = Debug|Any CPU
		{F3B3D325-61A6-4F2A-B5F4-A3008F63C787}.Release|Any CPU.ActiveCfg = Release|Any CPU
		{F3B3D325-61A6-4F2A-B5F4-A3008F63C787}.Release|Any CPU.Build.0 = Release|Any CPU
	EndGlobalSection
	GlobalSection(SolutionProperties) = preSolution
		HideSolutionNode = FALSE
	EndGlobalSection
	GlobalSection(ExtensibilityGlobals) = postSolution
		SolutionGuid = {E6315601-8B42-49E1-B7B1-89D3CD8F989B}
	EndGlobalSection
EndGlobal
